<?xml version="1.0" encoding="utf-8"?>
<Project ToolsVersion="4.0" xmlns="http://schemas.microsoft.com/developer/msbuild/2003">
  <ItemGroup>
    <Filter Include="Source Files">
      <UniqueIdentifier>{4FC737F1-C7A5-4376-A066-2A32D752A2FF}</UniqueIdentifier>
      <Extensions>cpp;c;cc;cxx;def;odl;idl;hpj;bat;asm;asmx</Extensions>
    </Filter>
    <Filter Include="Header Files">
      <UniqueIdentifier>{93995380-89BD-4b04-88EB-625FBE52EBFB}</UniqueIdentifier>
      <Extensions>h;hpp;hxx;hm;inl;inc;xsd</Extensions>
    </Filter>
    <Filter Include="Resource Files">
      <UniqueIdentifier>{67DA6AB6-F800-4c08-8B7A-83BB121AAD01}</UniqueIdentifier>
      <Extensions>rc;ico;cur;bmp;dlg;rc2;rct;bin;rgs;gif;jpg;jpeg;jpe;resx;tiff;tif;png;wav;mfcribbon-ms</Extensions>
    </Filter>
  </ItemGroup>
  <ItemGroup>
    <ClCompile Include="InitAndIOFuncs.cpp">
      <Filter>Source Files</Filter>
    </ClCompile>
    <ClCompile Include="MyLine3D.cpp">
      <Filter>Source Files</Filter>
    </ClCompile>
    <ClCompile Include="MyPoint3D.cpp">
      <Filter>Source Files</Filter>
    </ClCompile>
    <ClCompile Include="MyLine3D_tests.cpp">
      <Filter>Source Files</Filter>
    </ClCompile>
    <ClCompile Include="SupportFunctions.cpp">
      <Filter>Source Files</Filter>
    </ClCompile>
    <ClCompile Include="main.cpp">
      <Filter>Source Files</Filter>
    </ClCompile>
    <ClCompile Include="libLMFIT\lmcurve.c">
      <Filter>Source Files</Filter>
    </ClCompile>
    <ClCompile Include="libLMFIT\lmmin.c">
      <Filter>Source Files</Filter>
    </ClCompile>
    <ClCompile Include="checkLMFIT.cpp">
      <Filter>Source Files</Filter>
    </ClCompile>
    <ClCompile Include="ModelEvaluators.cpp">
      <Filter>Source Files</Filter>
    </ClCompile>
    <ClCompile Include="MyArray.cpp">
      <Filter>Source Files</Filter>
    </ClCompile>
    <ClCompile Include="SupportCode.cpp">
      <Filter>Source Files</Filter>
    </ClCompile>
    <ClCompile Include="lev_mar\lmdemo.c">
      <Filter>Source Files</Filter>
    </ClCompile>
  </ItemGroup>
  <ItemGroup>
    <ClInclude Include="InitAndIOFuncs.h">
      <Filter>Header Files</Filter>
    </ClInclude>
    <ClInclude Include="MyLine3D.h">
      <Filter>Header Files</Filter>
    </ClInclude>
    <ClInclude Include="MyPoint3D.h">
      <Filter>Header Files</Filter>
    </ClInclude>
    <ClInclude Include="SupportFunctions.h">
      <Filter>Header Files</Filter>
    </ClInclude>
    <ClInclude Include="libLMFIT\lmcurve.h">
      <Filter>Header Files</Filter>
    </ClInclude>
    <ClInclude Include="libLMFIT\lmmin.h">
      <Filter>Header Files</Filter>
    </ClInclude>
    <ClInclude Include="libLMFIT\lmstruct.h">
      <Filter>Header Files</Filter>
    </ClInclude>
    <ClInclude Include="checkLMFIT.h">
      <Filter>Header Files</Filter>
    </ClInclude>
    <ClInclude Include="ModelEvaluators.h">
      <Filter>Header Files</Filter>
    </ClInclude>
    <ClInclude Include="MyArray.h">
      <Filter>Header Files</Filter>
    </ClInclude>
    <ClInclude Include="SupportCode.h">
      <Filter>Header Files</Filter>
    </ClInclude>
    <ClInclude Include="lev_mar\compiler.h">
      <Filter>Header Files</Filter>
    </ClInclude>
    <ClInclude Include="lev_mar\levmar.h">
      <Filter>Header Files</Filter>
    </ClInclude>
    <ClInclude Include="lev_mar\lm.h">
      <Filter>Header Files</Filter>
    </ClInclude>
    <ClInclude Include="lev_mar\misc.h">
      <Filter>Header Files</Filter>
    </ClInclude>
  </ItemGroup>
  <ItemGroup>
    <None Include="ReadMe.txt">
      <Filter>Resource Files</Filter>
    </None>
  </ItemGroup>
</Project>